// !$*UTF8*$!
{
	archiveVersion = 1;
	classes = {
	};
	objectVersion = 46;
	objects = {

/* Begin PBXBuildFile section */
		FD9E87691A6A207200BC4052 /* AppDelegate.swift in Sources */ = {isa = PBXBuildFile; fileRef = FD9E87681A6A207200BC4052 /* AppDelegate.swift */; };
		FD9E876B1A6A207200BC4052 /* ViewController.swift in Sources */ = {isa = PBXBuildFile; fileRef = FD9E876A1A6A207200BC4052 /* ViewController.swift */; };
		FD9E876E1A6A207200BC4052 /* Main.storyboard in Resources */ = {isa = PBXBuildFile; fileRef = FD9E876C1A6A207200BC4052 /* Main.storyboard */; };
		FD9E87701A6A207200BC4052 /* Images.xcassets in Resources */ = {isa = PBXBuildFile; fileRef = FD9E876F1A6A207200BC4052 /* Images.xcassets */; };
		FD9E87731A6A207200BC4052 /* LaunchScreen.xib in Resources */ = {isa = PBXBuildFile; fileRef = FD9E87711A6A207200BC4052 /* LaunchScreen.xib */; };
		FD9E877F1A6A207200BC4052 /* HelloTestTests.swift in Sources */ = {isa = PBXBuildFile; fileRef = FD9E877E1A6A207200BC4052 /* HelloTestTests.swift */; };
/* End PBXBuildFile section */

/* Begin PBXContainerItemProxy section */
		FD9E87791A6A207200BC4052 /* PBXContainerItemProxy */ = {
			isa = PBXContainerItemProxy;
			containerPortal = FD9E875B1A6A207200BC4052 /* Project object */;
			proxyType = 1;
			remoteGlobalIDString = FD9E87621A6A207200BC4052;
			remoteInfo = HelloTest;
		};
/* End PBXContainerItemProxy section */

/* Begin PBXFileReference section */
		FD9E87631A6A207200BC4052 /* HelloTest.app */ = {isa = PBXFileReference; explicitFileType = wrapper.application; includeInIndex = 0; path = HelloTest.app; sourceTree = BUILT_PRODUCTS_DIR; };
		FD9E87671A6A207200BC4052 /* Info.plist */ = {isa = PBXFileReference; lastKnownFileType = text.plist.xml; path = Info.plist; sourceTree = "<group>"; };
		FD9E87681A6A207200BC4052 /* AppDelegate.swift */ = {isa = PBXFileReference; lastKnownFileType = sourcecode.swift; path = AppDelegate.swift; sourceTree = "<group>"; };
		FD9E876A1A6A207200BC4052 /* ViewController.swift */ = {isa = PBXFileReference; lastKnownFileType = sourcecode.swift; path = ViewController.swift; sourceTree = "<group>"; };
		FD9E876D1A6A207200BC4052 /* Base */ = {isa = PBXFileReference; lastKnownFileType = file.storyboard; name = Base; path = Base.lproj/Main.storyboard; sourceTree = "<group>"; };
		FD9E876F1A6A207200BC4052 /* Images.xcassets */ = {isa = PBXFileReference; lastKnownFileType = folder.assetcatalog; path = Images.xcassets; sourceTree = "<group>"; };
		FD9E87721A6A207200BC4052 /* Base */ = {isa = PBXFileReference; lastKnownFileType = file.xib; name = Base; path = Base.lproj/LaunchScreen.xib; sourceTree = "<group>"; };
		FD9E87781A6A207200BC4052 /* HelloTestTests.xctest */ = {isa = PBXFileReference; explicitFileType = wrapper.cfbundle; includeInIndex = 0; path = HelloTestTests.xctest; sourceTree = BUILT_PRODUCTS_DIR; };
		FD9E877D1A6A207200BC4052 /* Info.plist */ = {isa = PBXFileReference; lastKnownFileType = text.plist.xml; path = Info.plist; sourceTree = "<group>"; };
		FD9E877E1A6A207200BC4052 /* HelloTestTests.swift */ = {isa = PBXFileReference; lastKnownFileType = sourcecode.swift; path = HelloTestTests.swift; sourceTree = "<group>"; };
/* End PBXFileReference section */

/* Begin PBXFrameworksBuildPhase section */
		FD9E87601A6A207200BC4052 /* Frameworks */ = {
			isa = PBXFrameworksBuildPhase;
			buildActionMask = 2147483647;
			files = (
			);
			runOnlyForDeploymentPostprocessing = 0;
		};
		FD9E87751A6A207200BC4052 /* Frameworks */ = {
			isa = PBXFrameworksBuildPhase;
			buildActionMask = 2147483647;
			files = (
			);
			runOnlyForDeploymentPostprocessing = 0;
		};
/* End PBXFrameworksBuildPhase section */

/* Begin PBXGroup section */
		FD9E875A1A6A207200BC4052 = {
			isa = PBXGroup;
			children = (
				FD9E87651A6A207200BC4052 /* HelloTest */,
				FD9E877B1A6A207200BC4052 /* HelloTestTests */,
				FD9E87641A6A207200BC4052 /* Products */,
			);
			sourceTree = "<group>";
		};
		FD9E87641A6A207200BC4052 /* Products */ = {
			isa = PBXGroup;
			children = (
				FD9E87631A6A207200BC4052 /* HelloTest.app */,
				FD9E87781A6A207200BC4052 /* HelloTestTests.xctest */,
			);
			name = Products;
			sourceTree = "<group>";
		};
		FD9E87651A6A207200BC4052 /* HelloTest */ = {
			isa = PBXGroup;
			children = (
				FD9E87681A6A207200BC4052 /* AppDelegate.swift */,
				FD9E876A1A6A207200BC4052 /* ViewController.swift */,
				FD9E876C1A6A207200BC4052 /* Main.storyboard */,
				FD9E876F1A6A207200BC4052 /* Images.xcassets */,
				FD9E87711A6A207200BC4052 /* LaunchScreen.xib */,
				FD9E87661A6A207200BC4052 /* Supporting Files */,
			);
			path = HelloTest;
			sourceTree = "<group>";
		};
		FD9E87661A6A207200BC4052 /* Supporting Files */ = {
			isa = PBXGroup;
			children = (
				FD9E87671A6A207200BC4052 /* Info.plist */,
			);
			name = "Supporting Files";
			sourceTree = "<group>";
		};
		FD9E877B1A6A207200BC4052 /* HelloTestTests */ = {
			isa = PBXGroup;
			children = (
				FD9E877E1A6A207200BC4052 /* HelloTestTests.swift */,
				FD9E877C1A6A207200BC4052 /* Supporting Files */,
			);
			path = HelloTestTests;
			sourceTree = "<group>";
		};
		FD9E877C1A6A207200BC4052 /* Supporting Files */ = {
			isa = PBXGroup;
			children = (
				FD9E877D1A6A207200BC4052 /* Info.plist */,
			);
			name = "Supporting Files";
			sourceTree = "<group>";
		};
/* End PBXGroup section */

/* Begin PBXNativeTarget section */
		FD9E87621A6A207200BC4052 /* HelloTest */ = {
			isa = PBXNativeTarget;
			buildConfigurationList = FD9E87821A6A207200BC4052 /* Build configuration list for PBXNativeTarget "HelloTest" */;
			buildPhases = (
				FD9E875F1A6A207200BC4052 /* Sources */,
				FD9E87601A6A207200BC4052 /* Frameworks */,
				FD9E87611A6A207200BC4052 /* Resources */,
			);
			buildRules = (
			);
			dependencies = (
			);
			name = HelloTest;
			productName = HelloTest;
			productReference = FD9E87631A6A207200BC4052 /* HelloTest.app */;
			productType = "com.apple.product-type.application";
		};
		FD9E87771A6A207200BC4052 /* HelloTestTests */ = {
			isa = PBXNativeTarget;
			buildConfigurationList = FD9E87851A6A207200BC4052 /* Build configuration list for PBXNativeTarget "HelloTestTests" */;
			buildPhases = (
				FD9E87741A6A207200BC4052 /* Sources */,
				FD9E87751A6A207200BC4052 /* Frameworks */,
				FD9E87761A6A207200BC4052 /* Resources */,
			);
			buildRules = (
			);
			dependencies = (
				FD9E877A1A6A207200BC4052 /* PBXTargetDependency */,
			);
			name = HelloTestTests;
			productName = HelloTestTests;
			productReference = FD9E87781A6A207200BC4052 /* HelloTestTests.xctest */;
			productType = "com.apple.product-type.bundle.unit-test";
		};
/* End PBXNativeTarget section */

/* Begin PBXProject section */
		FD9E875B1A6A207200BC4052 /* Project object */ = {
			isa = PBXProject;
			attributes = {
				LastUpgradeCheck = 0610;
				ORGANIZATIONNAME = "Kevin Coxe";
				TargetAttributes = {
					FD9E87621A6A207200BC4052 = {
						CreatedOnToolsVersion = 6.1.1;
						DevelopmentTeam = 2S3D8J8M3T;
					};
					FD9E87771A6A207200BC4052 = {
						CreatedOnToolsVersion = 6.1.1;
						TestTargetID = FD9E87621A6A207200BC4052;
					};
				};
			};
			buildConfigurationList = FD9E875E1A6A207200BC4052 /* Build configuration list for PBXProject "HelloTest" */;
			compatibilityVersion = "Xcode 3.2";
			developmentRegion = English;
			hasScannedForEncodings = 0;
			knownRegions = (
				en,
				Base,
			);
			mainGroup = FD9E875A1A6A207200BC4052;
			productRefGroup = FD9E87641A6A207200BC4052 /* Products */;
			projectDirPath = "";
			projectRoot = "";
			targets = (
				FD9E87621A6A207200BC4052 /* HelloTest */,
				FD9E87771A6A207200BC4052 /* HelloTestTests */,
			);
		};
/* End PBXProject section */

/* Begin PBXResourcesBuildPhase section */
		FD9E87611A6A207200BC4052 /* Resources */ = {
			isa = PBXResourcesBuildPhase;
			buildActionMask = 2147483647;
			files = (
				FD9E876E1A6A207200BC4052 /* Main.storyboard in Resources */,
				FD9E87731A6A207200BC4052 /* LaunchScreen.xib in Resources */,
				FD9E87701A6A207200BC4052 /* Images.xcassets in Resources */,
			);
			runOnlyForDeploymentPostprocessing = 0;
		};
		FD9E87761A6A207200BC4052 /* Resources */ = {
			isa = PBXResourcesBuildPhase;
			buildActionMask = 2147483647;
			files = (
			);
			runOnlyForDeploymentPostprocessing = 0;
		};
/* End PBXResourcesBuildPhase section */

/* Begin PBXSourcesBuildPhase section */
		FD9E875F1A6A207200BC4052 /* Sources */ = {
			isa = PBXSourcesBuildPhase;
			buildActionMask = 2147483647;
			files = (
				FD9E876B1A6A207200BC4052 /* ViewController.swift in Sources */,
				FD9E87691A6A207200BC4052 /* AppDelegate.swift in Sources */,
			);
			runOnlyForDeploymentPostprocessing = 0;
		};
		FD9E87741A6A207200BC4052 /* Sources */ = {
			isa = PBXSourcesBuildPhase;
			buildActionMask = 2147483647;
			files = (
				FD9E877F1A6A207200BC4052 /* HelloTestTests.swift in Sources */,
			);
			runOnlyForDeploymentPostprocessing = 0;
		};
/* End PBXSourcesBuildPhase section */

/* Begin PBXTargetDependency section */
		FD9E877A1A6A207200BC4052 /* PBXTargetDependency */ = {
			isa = PBXTargetDependency;
			target = FD9E87621A6A207200BC4052 /* HelloTest */;
			targetProxy = FD9E87791A6A207200BC4052 /* PBXContainerItemProxy */;
		};
/* End PBXTargetDependency section */

/* Begin PBXVariantGroup section */
		FD9E876C1A6A207200BC4052 /* Main.storyboard */ = {
			isa = PBXVariantGroup;
			children = (
				FD9E876D1A6A207200BC4052 /* Base */,
			);
			name = Main.storyboard;
			sourceTree = "<group>";
		};
		FD9E87711A6A207200BC4052 /* LaunchScreen.xib */ = {
			isa = PBXVariantGroup;
			children = (
				FD9E87721A6A207200BC4052 /* Base */,
			);
			name = LaunchScreen.xib;
			sourceTree = "<group>";
		};
/* End PBXVariantGroup section */

/* Begin XCBuildConfiguration section */
		FD9E87801A6A207200BC4052 /* Debug */ = {
			isa = XCBuildConfiguration;
			buildSettings = {
				ALWAYS_SEARCH_USER_PATHS = NO;
				CLANG_CXX_LANGUAGE_STANDARD = "gnu++0x";
				CLANG_CXX_LIBRARY = "libc++";
				CLANG_ENABLE_MODULES = YES;
				CLANG_ENABLE_OBJC_ARC = YES;
				CLANG_WARN_BOOL_CONVERSION = YES;
				CLANG_WARN_CONSTANT_CONVERSION = YES;
				CLANG_WARN_DIRECT_OBJC_ISA_USAGE = YES_ERROR;
				CLANG_WARN_EMPTY_BODY = YES;
				CLANG_WARN_ENUM_CONVERSION = YES;
				CLANG_WARN_INT_CONVERSION = YES;
				CLANG_WARN_OBJC_ROOT_CLASS = YES_ERROR;
				CLANG_WARN_UNREACHABLE_CODE = YES;
				CLANG_WARN__DUPLICATE_METHOD_MATCH = YES;
				"CODE_SIGN_IDENTITY[sdk=iphoneos*]" = "iPhone Developer";
				COPY_PHASE_STRIP = NO;
				ENABLE_STRICT_OBJC_MSGSEND = YES;
				GCC_C_LANGUAGE_STANDARD = gnu99;
				GCC_DYNAMIC_NO_PIC = NO;
				GCC_OPTIMIZATION_LEVEL = 0;
				GCC_PREPROCESSOR_DEFINITIONS = (
					"DEBUG=1",
					"$(inherited)",
				);
				GCC_SYMBOLS_PRIVATE_EXTERN = NO;
				GCC_WARN_64_TO_32_BIT_CONVERSION = YES;
				GCC_WARN_ABOUT_RETURN_TYPE = YES_ERROR;
				GCC_WARN_UNDECLARED_SELECTOR = YES;
				GCC_WARN_UNINITIALIZED_AUTOS = YES_AGGRESSIVE;
				GCC_WARN_UNUSED_FUNCTION = YES;
				GCC_WARN_UNUSED_VARIABLE = YES;
				IPHONEOS_DEPLOYMENT_TARGET = 8.1;
				MTL_ENABLE_DEBUG_INFO = YES;
				ONLY_ACTIVE_ARCH = YES;
				SDKROOT = iphoneos;
				SWIFT_OPTIMIZATION_LEVEL = "-Onone";
				TARGETED_DEVICE_FAMILY = "1,2";
			};
			name = Debug;
		};
		FD9E87811A6A207200BC4052 /* Release */ = {
			isa = XCBuildConfiguration;
			buildSettings = {
				ALWAYS_SEARCH_USER_PATHS = NO;
				CLANG_CXX_LANGUAGE_STANDARD = "gnu++0x";
				CLANG_CXX_LIBRARY = "libc++";
				CLANG_ENABLE_MODULES = YES;
				CLANG_ENABLE_OBJC_ARC = YES;
				CLANG_WARN_BOOL_CONVERSION = YES;
				CLANG_WARN_CONSTANT_CONVERSION = YES;
				CLANG_WARN_DIRECT_OBJC_ISA_USAGE = YES_ERROR;
				CLANG_WARN_EMPTY_BODY = YES;
				CLANG_WARN_ENUM_CONVERSION = YES;
				CLANG_WARN_INT_CONVERSION = YES;
				CLANG_WARN_OBJC_ROOT_CLASS = YES_ERROR;
				CLANG_WARN_UNREACHABLE_CODE = YES;
				CLANG_WARN__DUPLICATE_METHOD_MATCH = YES;
				"CODE_SIGN_IDENTITY[sdk=iphoneos*]" = "iPhone Developer";
				COPY_PHASE_STRIP = YES;
				ENABLE_NS_ASSERTIONS = NO;
				ENABLE_STRICT_OBJC_MSGSEND = YES;
				GCC_C_LANGUAGE_STANDARD = gnu99;
				GCC_WARN_64_TO_32_BIT_CONVERSION = YES;
				GCC_WARN_ABOUT_RETURN_TYPE = YES_ERROR;
				GCC_WARN_UNDECLARED_SELECTOR = YES;
				GCC_WARN_UNINITIALIZED_AUTOS = YES_AGGRESSIVE;
				GCC_WARN_UNUSED_FUNCTION = YES;
				GCC_WARN_UNUSED_VARIABLE = YES;
				IPHONEOS_DEPLOYMENT_TARGET = 8.1;
				MTL_ENABLE_DEBUG_INFO = NO;
				SDKROOT = iphoneos;
				TARGETED_DEVICE_FAMILY = "1,2";
				VALIDATE_PRODUCT = YES;
			};
			name = Release;
		};
		FD9E87831A6A207200BC4052 /* Debug */ = {
			isa = XCBuildConfiguration;
			buildSettings = {
				ASSETCATALOG_COMPILER_APPICON_NAME = AppIcon;
				CODE_SIGN_IDENTITY = "iPhone Developer";
				"CODE_SIGN_IDENTITY[sdk=iphoneos*]" = "iPhone Developer";
				INFOPLIST_FILE = HelloTest/Info.plist;
				LD_RUNPATH_SEARCH_PATHS = "$(inherited) @executable_path/Frameworks";
				PRODUCT_NAME = "$(TARGET_NAME)";
				PROVISIONING_PROFILE = "";
			};
			name = Debug;
		};
		FD9E87841A6A207200BC4052 /* Release */ = {
			isa = XCBuildConfiguration;
			buildSettings = {
				ASSETCATALOG_COMPILER_APPICON_NAME = AppIcon;
				CODE_SIGN_IDENTITY = "iPhone Developer";
				"CODE_SIGN_IDENTITY[sdk=iphoneos*]" = "iPhone Developer";
				INFOPLIST_FILE = HelloTest/Info.plist;
				LD_RUNPATH_SEARCH_PATHS = "$(inherited) @executable_path/Frameworks";
				PRODUCT_NAME = "$(TARGET_NAME)";
				PROVISIONING_PROFILE = "";
			};
			name = Release;
		};
		FD9E87861A6A207200BC4052 /* Debug */ = {
			isa = XCBuildConfiguration;
			buildSettings = {
				BUNDLE_LOADER = "$(TEST_HOST)";
				FRAMEWORK_SEARCH_PATHS = (
					"$(SDKROOT)/Developer/Library/Frameworks",
					"$(inherited)",
				);
				GCC_PREPROCESSOR_DEFINITIONS = (
					"DEBUG=1",
					"$(inherited)",
				);
				INFOPLIST_FILE = HelloTestTests/Info.plist;
				LD_RUNPATH_SEARCH_PATHS = "$(inherited) @executable_path/Frameworks @loader_path/Frameworks";
				PRODUCT_NAME = "$(TARGET_NAME)";
				TEST_HOST = "$(BUILT_PRODUCTS_DIR)/HelloTest.app/HelloTest";
			};
			name = Debug;
		};
		FD9E87871A6A207200BC4052 /* Release */ = {
			isa = XCBuildConfiguration;
			buildSettings = {
				BUNDLE_LOADER = "$(TEST_HOST)";
				FRAMEWORK_SEARCH_PATHS = (
					"$(SDKROOT)/Developer/Library/Frameworks",
					"$(inherited)",
				);
				INFOPLIST_FILE = HelloTestTests/Info.plist;
				LD_RUNPATH_SEARCH_PATHS = "$(inherited) @executable_path/Frameworks @loader_path/Frameworks";
				PRODUCT_NAME = "$(TARGET_NAME)";
				TEST_HOST = "$(BUILT_PRODUCTS_DIR)/HelloTest.app/HelloTest";
			};
			name = Release;
		};
/* End XCBuildConfiguration section */

/* Begin XCConfigurationList section */
		FD9E875E1A6A207200BC4052 /* Build configuration list for PBXProject "HelloTest" */ = {
			isa = XCConfigurationList;
			buildConfigurations = (
				FD9E87801A6A207200BC4052 /* Debug */,
				FD9E87811A6A207200BC4052 /* Release */,
			);
			defaultConfigurationIsVisible = 0;
			defaultConfigurationName = Release;
		};
		FD9E87821A6A207200BC4052 /* Build configuration list for PBXNativeTarget "HelloTest" */ = {
			isa = XCConfigurationList;
			buildConfigurations = (
				FD9E87831A6A207200BC4052 /* Debug */,
				FD9E87841A6A207200BC4052 /* Release */,
			);
			defaultConfigurationIsVisible = 0;
		};
		FD9E87851A6A207200BC4052 /* Build configuration list for PBXNativeTarget "HelloTestTests" */ = {
			isa = XCConfigurationList;
			buildConfigurations = (
				FD9E87861A6A207200BC4052 /* Debug */,
				FD9E87871A6A207200BC4052 /* Release */,
			);
			defaultConfigurationIsVisible = 0;
		};
/* End XCConfigurationList section */
	};
	rootObject = FD9E875B1A6A207200BC4052 /* Project object */;
}
